{
  "version": 3,
  "mopsTomlDepsHash": "c89dea997ad7ba8647d13c5cacac335e0b30e41e0dada8c4cd31a778039207fe",
  "deps": {
    "core": "2.6.0",
    "bitcoin": "0.2.1",
    "sha2": "0.1.14",
    "icrc-84": "0.1.4",
    "token-handler": "https://github.com/research-ag/token-handler#04fedaeaa56534d5e565ff47fab93d8b22f6df33",
    "ckbtc-address": "0.0.2",
    "auction": "3.0.5",
    "promtracker": "1.0.1",
    "safe-financial-math": "https://github.com/research-ag/safe-financial-math#master@b146110b630b9d0f68f5efb3a0e5d180fb25e550",
    "motoko-scheduler": "https://github.com/research-ag/motoko-scheduler#master@88bafb53eec6e31939c26b80d09c29d35fe6f643",
    "bench-helper": "0.0.3"
  },
  "hashes": {
    "core@2.6.0": {
      "core@2.6.0/LICENSE": "840e3d57a38a8061f55d04470fbd58b9345326fa04ea10ee42add5c6e3b2aa08",
      "core@2.6.0/NOTICE": "d62ca4ef9e2c9df064115c339013593cf0769e2b9dc78fa4b3211222541c7f83",
      "core@2.6.0/src/Array.mo": "59e4440bc7ed2988d9ff0be1ec091cd4c994ce9d713e282f88a57d295598338a",
      "core@2.6.0/README.md": "91b59e7efa6ae40144249013cd3f020073592bf0f5463649798bdc78618b7a1b",
      "core@2.6.0/src/Blob.mo": "f5085a7be3a9ed3e9bf11cbf8001146c9586acc45a7ee13513c5e8f97cad561b",
      "core@2.6.0/mops.toml": "22a9653a08c7fbbd0853738eb75c82f673bd1525832af1b5c2da4ab6ac6d556a",
      "core@2.6.0/src/Base64.mo": "0d70a221a21a1bfb7ad79da30271f6e1f892a4148f8c844975b108c2e052ea3f",
      "core@2.6.0/src/Bool.mo": "3b606a6631f28c774e3055bc860201e56260fd32fdc5e8dc00d901506be95db5",
      "core@2.6.0/src/Debug.mo": "526c3f9d94e4a682917febb7b0021831a7cc345a2aa63e2499ddeda33cf63b3e",
      "core@2.6.0/src/CallerAttributes.mo": "7ac5ea306f7e4393a7830a1dd522583d3388b8dd4667db132ee77ba9ae131f66",
      "core@2.6.0/src/Error.mo": "2112280ea5300ae94ff9188c3bbd75a7db87f0c6eb65c2ac5bf04bc27c851d98",
      "core@2.6.0/src/Float.mo": "5cedfd9b42f79d6a4c5d984dd895542b70b1b23afc704486595d6247d81e2438",
      "core@2.6.0/src/Cycles.mo": "9f5c1fceea47f05c43f22a1c25e8753fb7e552e36106d27bceef24b1310f4cbc",
      "core@2.6.0/src/Char.mo": "954caba4a5e2e714912e9a6981f4fea08865780c98797b36333cff6b0c68f220",
      "core@2.6.0/src/CertifiedData.mo": "87fa7b145507d63aab702030bc797f9c5c45ec796b84bc573d70448ceabaec9a",
      "core@2.6.0/src/Float32.mo": "f18868603519d69289e049367f12fda160480dc44bc917b911b29a8cf84cef50",
      "core@2.6.0/src/InternetComputer.mo": "969951411beb5caf7d60ba6d5e906a5c70a3b466cee42e1135d1cd3d791cb3a1",
      "core@2.6.0/src/Int.mo": "2233228b585ece0af237b3b8ce9f8c4cc65014bae733192a8cff69c37df35e2c",
      "core@2.6.0/src/Int16.mo": "a6b33d80f900e8f94bf317727fb6d4777191d0304430cd9e08af34ada00ca339",
      "core@2.6.0/src/Int32.mo": "06a69a5fdb5224b5f6184bd35c1d1bd756fc197527ca9262bd19ea3b304ebb7e",
      "core@2.6.0/src/Func.mo": "30b6c3d6c7938a4ab968c8916f9e66e6dd4d3f209b4f2f967f2d6a7b61e3380c",
      "core@2.6.0/src/Int64.mo": "e3c3a0355f3c0ea3c8c70d9bc6e300b19a318a71ae0e475cfe4012d0b41d0fce",
      "core@2.6.0/src/Int8.mo": "e29df82bf43aca0c657c8c1c6e77c72605cf64b774a42f267369f9001b1620b1",
      "core@2.6.0/src/Nat32.mo": "6886e8148867a10fa58f94b31cd6de84322cc274cc06b758ddc1784445648259",
      "core@2.6.0/src/Nat16.mo": "ff3682d1b233721065d9157e4587e8cbd100b882033621d01d1b47cb67ce68fa",
      "core@2.6.0/src/Map.mo": "125a036b4fffb32a99830df565ae4d095dc02d2c0e0f8a26205872a65bf628b8",
      "core@2.6.0/src/Nat8.mo": "c08a40665121fd2b26764bc1cde3ac19ee075d4416a0091ddae446d539ee94a9",
      "core@2.6.0/src/Nat64.mo": "fc295f4fb2542b8777e81e7b7fc6f1624a3ee67b52db5c756664fe59a93cfdb7",
      "core@2.6.0/src/Nat.mo": "e28b0dcbc6cb5f532e386124a8384ab84d5f524134267615c336fb70f186d8cb",
      "core@2.6.0/src/Iter.mo": "463f3b12d0d462ba55e84b77cffa8a1d76f04695144f966338aaccb4960dedc5",
      "core@2.6.0/src/List.mo": "88e8b0dea2a23e6103b12b59cc80911c2dd40ebb5d0ca772a3a0fb90a76a706c",
      "core@2.6.0/src/Order.mo": "6c21e905e1e8c2b40cd50438218230c207d0bbec0d2514779edd76f9f84a812c",
      "core@2.6.0/src/Option.mo": "aeec94cd6954e7b8b5463a5b15abddfb56c5322cb9b9e7ac782092d5c33a8b38",
      "core@2.6.0/src/PriorityQueue.mo": "e8c02d636e669fbf4ce3dc3b3e1a8d3003ef6d15e989035423e84aa2571cc4b9",
      "core@2.6.0/src/Result.mo": "fbf78ffb539258703fa529ec622111cd5962e2aa4d76943bc99e079416b404c3",
      "core@2.6.0/src/Queue.mo": "52a4276d862e4c26c3f41c09ffe07803c3740118dea3a84c8f086827b65b5399",
      "core@2.6.0/src/Region.mo": "23ab562d605c80fae3ca10f49df2fc1201d558eee01adf7ddd8d3ada60d7eca9",
      "core@2.6.0/src/Random.mo": "b60f8a72134bab5f527da3c929e63f4ade612ad0799fba576c218f73cbdfad88",
      "core@2.6.0/src/Principal.mo": "181f4c5f5b6cc8c65d202490a1c7d771f9a462ae1c9fb13cb8915e5feb9f5c71",
      "core@2.6.0/src/Timer.mo": "477fe4f6a015a839000ce7a6a871877b3f32c6589850dab2b7e7e872d661b225",
      "core@2.6.0/src/Time.mo": "fcffd56cbeb21c3d8613973f3f1ea382babcf122ea93c9689149f0101c5f3e96",
      "core@2.6.0/src/Set.mo": "04cde46bb20c3b770a18a330c0449881e92d1948b17fd7d28ce95f9d5ba1d740",
      "core@2.6.0/src/Text.mo": "54ebeb2a1e507ab18e9c37214b2cd15e3255d04523c088deeaf1d24a757ffbd9",
      "core@2.6.0/src/Tuples.mo": "0156c1fc21fffedd71d173e0d1b1e7a9a19726cbc49ec1cf49029d6d93bc7955",
      "core@2.6.0/src/Runtime.mo": "d221bd16b45cb717cb4ef4fd698fa8632a415aecbbb5a6fdc8b5cd4bc50a9e56",
      "core@2.6.0/src/Stack.mo": "8c1146ff41f7f7a4ed775367e22c1c4e711c0a3f0a4335ddc0858730c8214313",
      "core@2.6.0/src/Types.mo": "00dc0132996b3bb3eaf5cc4413be78ca860137ef26f5b472b0e7b3ef68f6652f",
      "core@2.6.0/src/internal/SortHelper.mo": "fff4f2eec5c59a3db13e46eeb69152bb1b98931f45cb58ac481439a0cd0d10bb",
      "core@2.6.0/src/WeakReference.mo": "06e58a6d67bf67c4b31ff871416d0cf6d6e34bfb409ce73d83372ef6b74de3cf",
      "core@2.6.0/src/pure/List.mo": "4c73dc64c6c6042a6f740ed8a699f0917d8e9ae2d5488867b403137c8d1d1a7f",
      "core@2.6.0/src/internal/PRNG.mo": "8a93e87baa2b12f613c82394a4a05b425e44a695bbace4ca36f9a1f78be26442",
      "core@2.6.0/src/VarArray.mo": "2c35be7e04000139460258b08a1ded7047f46b6aef9f4af3c8c6075bd889ebbe",
      "core@2.6.0/src/pure/Map.mo": "1d1c054ef2b86ffa66ada38053760bd2a9b936665e1448db3f4a3e4d48eca05e",
      "core@2.6.0/src/internal/BTreeHelper.mo": "305e10c7e7c740976b60b4b8d63145131ec3d9ade066aac68a1f631981a308f4",
      "core@2.6.0/src/pure/Queue.mo": "2beb6586927cda381166adb7568a8b61cbe461e6dd9b2007d7e2c27448362bcc",
      "core@2.6.0/src/pure/RealTimeQueue.mo": "60e1f118e1fd728c64ac769396b2441a3e9be5208051139b3dd652125a81a0cb",
      "core@2.6.0/src/pure/Set.mo": "c8f6f193a4b42b2df65ce8c05d610ccbcdc8befddc72acd44445e7290224373e"
    },
    "bitcoin@0.2.1": {
      "bitcoin@0.2.1/LICENSE": "c40ad81ae283a698516dbff4959219d6ba96cbec1c545647af1f11f715a73d2a",
      "bitcoin@0.2.1/src/Bech32.mo": "68c18ff6b0fb8a1b1dd4666875e05e6c37d75fcc94f6bab2b89a1ca5dfb503de",
      "bitcoin@0.2.1/src/Base58.mo": "5b8f83ad8c3a866228aaa25463831a85a3e39919a9dfe8a74d8ff8759b754365",
      "bitcoin@0.2.1/mops.toml": "d82c0b3aa2109e4dca35865f2f72a511ed486613e36d1cfbd46b1d266631df50",
      "bitcoin@0.2.1/src/Base58Check.mo": "d33e781c03a54c2f33a62869e8259e815e8ca6dcf21daca1323cda98708647b0",
      "bitcoin@0.2.1/src/Bip32.mo": "abde7c613cc34bd0ba274d5eed9d0eef635a1a77337fd532dea85f58ddfcc109",
      "bitcoin@0.2.1/README.md": "bb5774a1488187e505f89578520174b4f7103ae15eee20d8f6649f0d86701095",
      "bitcoin@0.2.1/src/Common.mo": "16a36e1bc10b2339c5d894192a7669036a678068d896f377d0f73dc81856c348",
      "bitcoin@0.2.1/src/ByteUtils.mo": "ddad82ae26c5723b96584e52b524cd3f1740931ced1f34227bfbd60160526c78",
      "bitcoin@0.2.1/src/bitcoin/Address.mo": "b1f98ef88c50b657cbd0536574ea47990fa0c4a9a0a3279d4988f001231717e4",
      "bitcoin@0.2.1/src/Hash.mo": "d550beb913fb14299356763f58548893688e5cf0f418831ead991466b3812d8d",
      "bitcoin@0.2.1/src/Segwit.mo": "fa22d183c610ada27e3b5a4a2a62d60591f41598337433a8e1eee0a8b486f6d1",
      "bitcoin@0.2.1/src/Hmac.mo": "5bc771eb13c19e63a5bb012f29f4c7575e46131c6fdecda8d13b6039d2e73323",
      "bitcoin@0.2.1/src/bitcoin/P2pkh.mo": "7e4640c9810fb2fc3479ccc8733dfd85c09d63d684d177bfe9a867fb972adb38",
      "bitcoin@0.2.1/src/bitcoin/Bitcoin.mo": "cf9039b2c29de58e3500de424fccc5b11dfdfdcaabfccc179f3343d510a5e333",
      "bitcoin@0.2.1/src/bitcoin/P2tr.mo": "f5de51f2dacb0ddce5554991ff33d883952738ef733470e29205db654b4d9f40",
      "bitcoin@0.2.1/src/Ripemd160.mo": "242551b6ba9e68e026a8deed086ade6cc8ef1b85dc590aaf2f32068af5ae6151",
      "bitcoin@0.2.1/src/bitcoin/Transaction.mo": "dcd5a3fd9740f4ff679acc5e161514591c8123139ecef5b65f24b06e8b09bb76",
      "bitcoin@0.2.1/src/bitcoin/Script.mo": "af8294b44f3eefc65310dcef823b4f573acc8c8f90839fbfc3ea44eb524715d1",
      "bitcoin@0.2.1/src/bitcoin/Types.mo": "50609e91fa15b0e97455929b09b4ab8ebe18dabc09a768374aa9be8931f214e8",
      "bitcoin@0.2.1/src/bitcoin/Wif.mo": "28ac02c8d502f47c66f7ff8b6ee05d4557672bf35f0d3efa23d261a4a512b438",
      "bitcoin@0.2.1/src/bitcoin/TxOutput.mo": "3124356aff2da5709107254686e77b8163f82c1a7430c95149d889005e72bb06",
      "bitcoin@0.2.1/src/bitcoin/TxInput.mo": "22500ed3606ea384747fb1c641def22263b412bf02664e04af87dbe3abb4790e",
      "bitcoin@0.2.1/src/ec/Affine.mo": "9114134e0b6ac44c276792d1f262947b491e6b8fd0a04ced4473a8f3cb3a03cb",
      "bitcoin@0.2.1/src/bitcoin/Witness.mo": "d86991c88efe8270d2fa1ddbb5dabd33f8fff4704f3a8918e57dc2b84042fde3",
      "bitcoin@0.2.1/src/ec/Field.mo": "37cc3af5e2ced09c5deb35a493b04168410120e2749062091aa9947a8d6902f2",
      "bitcoin@0.2.1/src/ec/Curves.mo": "e1eb25a9f85a0536ed25e00cd8b918e04ec795ef87b0c0c02dfe58aa1040e951",
      "bitcoin@0.2.1/src/ec/Fp.mo": "9a765f4d11057df734d7eea174e6084dd7cfd6da547d15b370affe448a3583bd",
      "bitcoin@0.2.1/src/ec/Jacobi.mo": "0f9fd525529c1e79573ecaa1f9922a4b3fd3db10ef89c96e0288f90f3f9a4f13",
      "bitcoin@0.2.1/src/ecdsa/Publickey.mo": "177cae13672a346a1e43869340b1b57442fa9cd8d00ab146b4e9a7f85f556b1b",
      "bitcoin@0.2.1/src/ec/Numbers.mo": "4134586afba3959b04c19440def7a902aec7fbd345a9ac64d50237afa7e70925",
      "bitcoin@0.2.1/src/ecdsa/Der.mo": "53d1ca45c2a430ef4ec5b86430342c8d40a49b7cd20c252a649ed4af7411da1e",
      "bitcoin@0.2.1/src/ecdsa/Ecdsa.mo": "e210bda7999b0ac14131cda744c989a7647d80fd141df52dc8eb45f083407b5a",
      "bitcoin@0.2.1/src/ecdsa/Types.mo": "92f9d3227c7c2f24cbc6f52bb196ac3712f6c16189fa638d10bbab17174759ad"
    },
    "sha2@0.1.14": {
      "sha2@0.1.14/mops.toml": "ba73b13715683357925fb004b66e43a0f3fabb5fdce3028f13d12d4a297b3170",
      "sha2@0.1.14/README.md": "f06ce7acdfabd793202505e744591c6692b54eeb97f97689bc889fd1926a1de0",
      "sha2@0.1.14/src/Sha512.mo": "8b9f809dd637e4490ca7c33a0c6911e4ab853a3c69a8b54304567ff502068559",
      "sha2@0.1.14/LICENSE": "0351aa17e901e2f426698e6199237119a18c8ea1674877e0eb4d694ee9c4b938",
      "sha2@0.1.14/NOTICE": "2a2979e2cb91a7d903c3377ed8031a92e7fd467fd9ddb005f2ae2042ead1b4f1",
      "sha2@0.1.14/src/Sha256.mo": "d7c858eb1c097e9336ace80e754fb45b3c7b8e11884bebce3a228af5b4494c26"
    },
    "icrc-84@0.1.4": {
      "icrc-84@0.1.4/mops.toml": "fed0c8de551cf6f4bb5139a9a968efac51f35cb783bc7d28c9ad392484ac3ec6",
      "icrc-84@0.1.4/example/actor.mo": "07d51bcdaf3bade0b5c6922d75043df15d335af7c89b0053af81ad499f2b0374",
      "icrc-84@0.1.4/example/mops.toml": "45a42096031ab5ba8b88935a642a90bc5f021c1ed99f3845e171cd1500ae4a97",
      "icrc-84@0.1.4/icrc-84.did": "c4578d0fd11b1771722fe62fcff1cbaa11df71d284f58c5aff09ef87db939f55",
      "icrc-84@0.1.4/README.md": "2ba0dc5219f376bdeae262e5a575bc9544b9c8f658ee325f8cf51577b8c49e6a",
      "icrc-84@0.1.4/icrc-84.md": "5fa11e15dd058f2e265a6c92891159560769a681c3961d9ca35a086bb19ea3da",
      "icrc-84@0.1.4/LICENSE": "40d60a66c29a830513b44a375829a8240f6b2b7b641667ea22d66953518cbc36",
      "icrc-84@0.1.4/src/lib.mo": "ac5fba3ee2eaad798bfffaf2d5d7c0086cc131c0aa91a2c7abfa7566581a9a17"
    },
    "ckbtc-address@0.0.2": {
      "ckbtc-address@0.0.2/LICENSE": "b17b77826b45bc358c272cffbc97237a4c1e9fbfcb9901bacc21e26ef124f9ba",
      "ckbtc-address@0.0.2/src/internal/ic.mo": "93a151afef60f1c575c10d57cf671c2acc23cdbba26af2e2277df902fb39fdc5",
      "ckbtc-address@0.0.2/README.md": "986dbb287a830309619c8b22dcade48c879d2a85d61820a1e63aa3d5b4dbf761",
      "ckbtc-address@0.0.2/src/lib.mo": "85af24c8f4ef40817346126d80424c9236087f383365a337651b4302a1ce2395",
      "ckbtc-address@0.0.2/mops.toml": "bb95c4588aae0c3bed37f26e8c65099760d89c42763e3039d492f1f21d9a0aa4",
      "ckbtc-address@0.0.2/src/internal/bip32.mo": "06c1d69229a7b24fa8a298c0f8de601bf604aa94a8b03e70889eb916c08490c7"
    },
    "auction@3.0.5": {
      "auction@3.0.5/mops.toml": "3a84c8b60172e9275772dc0a64476a5ca7c3d3894f906c87d08d902f13b245b6",
      "auction@3.0.5/README.md": "3e8d5312a020f2207aeadd79010f6df95fb31fdf31ec2a971ca30a99a4eab551",
      "auction@3.0.5/LICENSE": "be263088c0cc7861ebf5a56974e2f753828b80f4c1a7c972c10a1b5a0e6f2f82",
      "auction@3.0.5/NOTICE": "cbf8e0aa197bd7fad56e5854049e86c41417939dc770052456f62e3fc17f667a",
      "auction@3.0.5/src/lib.mo": "adc59b9e8287c561f3ed2a05f2ad71cb35f9864470573a6f566825fe9f82e9aa"
    },
    "promtracker@1.0.1": {
      "promtracker@1.0.1/LICENSE": "0351aa17e901e2f426698e6199237119a18c8ea1674877e0eb4d694ee9c4b938",
      "promtracker@1.0.1/src/Http.mo": "825fd142f05449e45624de927d169c36f44b18301080d0457420a9cb827a2d41",
      "promtracker@1.0.1/NOTICE": "2a2979e2cb91a7d903c3377ed8031a92e7fd467fd9ddb005f2ae2042ead1b4f1",
      "promtracker@1.0.1/src/Label.mo": "5ee89f58f159474ece8e30d339db007c360b279a69ca332be9182ade283e319e",
      "promtracker@1.0.1/src/Metrics.mo": "47a3266942e7a9e5a430cdb77cd1b5771f95ad99469f69c343313e8ec8bb5651",
      "promtracker@1.0.1/README.md": "b79b33239dd89733b96a1dec24dfcc30ea46072eb8d9c5c068a7dd9a9d18e8fd",
      "promtracker@1.0.1/mops.toml": "b2ebe3f827b92c6836979c725d20fd94a7bf38c2cb23bb420fbe6534966feb2c",
      "promtracker@1.0.1/src/TrackerAPI.mo": "8c1a9b4105e34a6268b03a1d570627bbb8d58b9d3d2c1ddb6e6b6a0c7a3f2ee9",
      "promtracker@1.0.1/src/Tracker.mo": "f05f95defd588debd6ff5ca5d7b990b289372bc5fa71b4807e16ee64789d9a63",
      "promtracker@1.0.1/src/mixins/uptime.mo": "b23b0b3095d86633eb14c1bd8b6140e30999b8fea2d6bc4c382f28ad539d0f1f",
      "promtracker@1.0.1/src/mixins/http.mo": "2eb90f1dff105c7235b8aff3a925595e74d9cb8d6141e3010cb22db04f0d201b",
      "promtracker@1.0.1/src/mixins/query.mo": "bdf0bcef00585d42df4ac10a1be1fd29ea40e128c0300f744b01a80e0b7d3d03",
      "promtracker@1.0.1/examples/README.md": "f6b4ecc30cf8421de8bb683ff310b34eacbbf3aefe19aea51ed0820572ca7ab4",
      "promtracker@1.0.1/src/internal/Types.mo": "b5e689968fa7d13e5a4734b91da94beea0af9c119145e1b461136035f7df4339",
      "promtracker@1.0.1/src/lib.mo": "1b16d8594ce0846e47d4776a12759283ff673782d2f19ed897b8f22f39237be7",
      "promtracker@1.0.1/examples/mops.toml": "e5264d750d63ef8992934ceccad5a04f99ba7869adfc5277ac324ffaa833ad6c",
      "promtracker@1.0.1/examples/src/min.mo": "a99efe2381239adcd30b89a74b1c01bc8df46472416f66ffd3b170a7c603b129",
      "promtracker@1.0.1/examples/src/migration.mo": "a9df9699af0fb01828ef36cb2305906752cf5abf1a9af8c9444f715c13b581cb",
      "promtracker@1.0.1/examples/src/package.mo": "7cd105548b481b3d987c5e286d42cf704d198510ef0fc6fdd133411b4bd4227b",
      "promtracker@1.0.1/examples/src/nested.mo": "d17127c50bbd06c9d5f06740d6b78e3510000a0ba7c1ba12963b707ef691035d",
      "promtracker@1.0.1/examples/src/mock-stream.mo": "d15d74d6ed280c35264b71bb5022f88afa23f5f60c5ebb38608e87bca7b110f1",
      "promtracker@1.0.1/examples/src/no-pull.mo": "e09ab500164bd9bd98c5bd5f00972dde39c74257a710df04a7405e4142a607a7",
      "promtracker@1.0.1/examples/src/uptime.mo": "e7ceba08c3fe9c7360e8af2d90bf4ef55a85b56b010035db8acd77b5b89c4a07"
    },
    "bench-helper@0.0.3": {
      "bench-helper@0.0.3/LICENSE": "b9c74cf5b86ce6dc1d415f664aa1b8a08005e2523bdc63a2764f3095df993fc9",
      "bench-helper@0.0.3/README.md": "e5c05606e6e20b955b0f8abbb730d435c8200f4b14bf9b64d7be4d9cacd53a6a",
      "bench-helper@0.0.3/src/lib.mo": "5eab7fa76b325cf571f6e3a29b80c18116d57e77edec92b4d14c9979183fa93b",
      "bench-helper@0.0.3/mops.toml": "62ce7db32be8b559f07b0e18632eaa651be0702c97b687f01b040c486dd10791"
    }
  }
}